
Microsoft Visual Studio Solution File, Format Version 12.00
# Visual Studio Version 16
VisualStudioVersion = 16.0.30907.101
MinimumVisualStudioVersion = 10.0.40219.1
Project("{FAE04EC0-301F-11D3-BF4B-00C04F79EFBC}") = "BankManagementSystem", "BankManagementSystem\BankManagementSystem.csproj", "{11F92287-4C27-4616-BE42-C048BF5CF0B6}"
EndProject
Global
	GlobalSection(SolutionConfigurationPlatforms) = preSolution
		Debug|Any CPU = Debug|Any CPU
		Release|Any CPU = Release|Any CPU
	EndGlobalSection
	GlobalSection(ProjectConfigurationPlatforms) = postSolution
		{11F92287-4C27-4616-BE42-C048BF5CF0B6}.Debug|Any CPU.ActiveCfg = Debug|Any CPU
		{11F92287-4C27-4616-BE42-C048BF5CF0B6}.Debug|Any CPU.Build.0 = Debug|Any CPU
		{11F92287-4C27-4616-BE42-C048BF5CF0B6}.Release|Any CPU.ActiveCfg = Release|Any CPU
		{11F92287-4C27-4616-BE42-C048BF5CF0B6}.Release|Any CPU.Build.0 = Release|Any CPU
	EndGlobalSection
	GlobalSection(SolutionProperties) = preSolution
		HideSolutionNode = FALSE
	EndGlobalSection
	GlobalSection(ExtensibilityGlobals) = postSolution
		SolutionGuid = {10704500-D711-4966-B62C-CB7C4FC5EB5B}
	EndGlobalSection
EndGlobal
